// !$*UTF8*$!
{
	archiveVersion = 1;
	classes = {
	};
	objectVersion = 77;
	objects = {

/* Begin PBXContainerItemProxy section */
		40CB3D8F2C9C6B1100505705 /* PBXContainerItemProxy */ = {
			isa = PBXContainerItemProxy;
			containerPortal = 40CB3D702C9C6B0C00505705 /* Project object */;
			proxyType = 1;
			remoteGlobalIDString = 40CB3D772C9C6B0C00505705;
			remoteInfo = VsionExample2;
		};
		40CB3D992C9C6B1100505705 /* PBXContainerItemProxy */ = {
			isa = PBXContainerItemProxy;
			containerPortal = 40CB3D702C9C6B0C00505705 /* Project object */;
			proxyType = 1;
			remoteGlobalIDString = 40CB3D772C9C6B0C00505705;
			remoteInfo = VsionExample2;
		};
/* End PBXContainerItemProxy section */

/* Begin PBXFileReference section */
		40CB3D782C9C6B0C00505705 /* VsionExample2.app */ = {isa = PBXFileReference; explicitFileType = wrapper.application; includeInIndex = 0; path = VsionExample2.app; sourceTree = BUILT_PRODUCTS_DIR; };
		40CB3D8E2C9C6B1100505705 /* VsionExample2Tests.xctest */ = {isa = PBXFileReference; explicitFileType = wrapper.cfbundle; includeInIndex = 0; path = VsionExample2Tests.xctest; sourceTree = BUILT_PRODUCTS_DIR; };
		40CB3D982C9C6B1100505705 /* VsionExample2UITests.xctest */ = {isa = PBXFileReference; explicitFileType = wrapper.cfbundle; includeInIndex = 0; path = VsionExample2UITests.xctest; sourceTree = BUILT_PRODUCTS_DIR; };
/* End PBXFileReference section */

/* Begin PBXFileSystemSynchronizedBuildFileExceptionSet section */
		40CB3DA02C9C6B1100505705 /* Exceptions for "VsionExample2" folder in "VsionExample2" target */ = {
			isa = PBXFileSystemSynchronizedBuildFileExceptionSet;
			membershipExceptions = (
				Info.plist,
			);
			target = 40CB3D772C9C6B0C00505705 /* VsionExample2 */;
		};
/* End PBXFileSystemSynchronizedBuildFileExceptionSet section */

/* Begin PBXFileSystemSynchronizedRootGroup section */
		40CB3D7A2C9C6B0C00505705 /* VsionExample2 */ = {
			isa = PBXFileSystemSynchronizedRootGroup;
			exceptions = (
				40CB3DA02C9C6B1100505705 /* Exceptions for "VsionExample2" folder in "VsionExample2" target */,
			);
			path = VsionExample2;
			sourceTree = "<group>";
		};
		40CB3D912C9C6B1100505705 /* VsionExample2Tests */ = {
			isa = PBXFileSystemSynchronizedRootGroup;
			path = VsionExample2Tests;
			sourceTree = "<group>";
		};
		40CB3D9B2C9C6B1100505705 /* VsionExample2UITests */ = {
			isa = PBXFileSystemSynchronizedRootGroup;
			path = VsionExample2UITests;
			sourceTree = "<group>";
		};
/* End PBXFileSystemSynchronizedRootGroup section */

/* Begin PBXFrameworksBuildPhase section */
		40CB3D752C9C6B0C00505705 /* Frameworks */ = {
			isa = PBXFrameworksBuildPhase;
			buildActionMask = 2147483647;
			files = (
			);
			runOnlyForDeploymentPostprocessing = 0;
		};
		40CB3D8B2C9C6B1100505705 /* Frameworks */ = {
			isa = PBXFrameworksBuildPhase;
			buildActionMask = 2147483647;
			files = (
			);
			runOnlyForDeploymentPostprocessing = 0;
		};
		40CB3D952C9C6B1100505705 /* Frameworks */ = {
			isa = PBXFrameworksBuildPhase;
			buildActionMask = 2147483647;
			files = (
			);
			runOnlyForDeploymentPostprocessing = 0;
		};
/* End PBXFrameworksBuildPhase section */

/* Begin PBXGroup section */
		40CB3D6F2C9C6B0C00505705 = {
			isa = PBXGroup;
			children = (
				40CB3D7A2C9C6B0C00505705 /* VsionExample2 */,
				40CB3D912C9C6B1100505705 /* VsionExample2Tests */,
				40CB3D9B2C9C6B1100505705 /* VsionExample2UITests */,
				40CB3D792C9C6B0C00505705 /* Products */,
			);
			sourceTree = "<group>";
		};
		40CB3D792C9C6B0C00505705 /* Products */ = {
			isa = PBXGroup;
			children = (
				40CB3D782C9C6B0C00505705 /* VsionExample2.app */,
				40CB3D8E2C9C6B1100505705 /* VsionExample2Tests.xctest */,
				40CB3D982C9C6B1100505705 /* VsionExample2UITests.xctest */,
			);
			name = Products;
			sourceTree = "<group>";
		};
/* End PBXGroup section */

/* Begin PBXNativeTarget section */
		40CB3D772C9C6B0C00505705 /* VsionExample2 */ = {
			isa = PBXNativeTarget;
			buildConfigurationList = 40CB3DA12C9C6B1100505705 /* Build configuration list for PBXNativeTarget "VsionExample2" */;
			buildPhases = (
				40CB3D742C9C6B0C00505705 /* Sources */,
				40CB3D752C9C6B0C00505705 /* Frameworks */,
				40CB3D762C9C6B0C00505705 /* Resources */,
			);
			buildRules = (
			);
			dependencies = (
			);
			fileSystemSynchronizedGroups = (
				40CB3D7A2C9C6B0C00505705 /* VsionExample2 */,
			);
			name = VsionExample2;
			packageProductDependencies = (
			);
			productName = VsionExample2;
			productReference = 40CB3D782C9C6B0C00505705 /* VsionExample2.app */;
			productType = "com.apple.product-type.application";
		};
		40CB3D8D2C9C6B1100505705 /* VsionExample2Tests */ = {
			isa = PBXNativeTarget;
			buildConfigurationList = 40CB3DA62C9C6B1100505705 /* Build configuration list for PBXNativeTarget "VsionExample2Tests" */;
			buildPhases = (
				40CB3D8A2C9C6B1100505705 /* Sources */,
				40CB3D8B2C9C6B1100505705 /* Frameworks */,
				40CB3D8C2C9C6B1100505705 /* Resources */,
			);
			buildRules = (
			);
			dependencies = (
				40CB3D902C9C6B1100505705 /* PBXTargetDependency */,
			);
			fileSystemSynchronizedGroups = (
				40CB3D912C9C6B1100505705 /* VsionExample2Tests */,
			);
			name = VsionExample2Tests;
			packageProductDependencies = (
			);
			productName = VsionExample2Tests;
			productReference = 40CB3D8E2C9C6B1100505705 /* VsionExample2Tests.xctest */;
			productType = "com.apple.product-type.bundle.unit-test";
		};
		40CB3D972C9C6B1100505705 /* VsionExample2UITests */ = {
			isa = PBXNativeTarget;
			buildConfigurationList = 40CB3DA92C9C6B1100505705 /* Build configuration list for PBXNativeTarget "VsionExample2UITests" */;
			buildPhases = (
				40CB3D942C9C6B1100505705 /* Sources */,
				40CB3D952C9C6B1100505705 /* Frameworks */,
				40CB3D962C9C6B1100505705 /* Resources */,
			);
			buildRules = (
			);
			dependencies = (
				40CB3D9A2C9C6B1100505705 /* PBXTargetDependency */,
			);
			fileSystemSynchronizedGroups = (
				40CB3D9B2C9C6B1100505705 /* VsionExample2UITests */,
			);
			name = VsionExample2UITests;
			packageProductDependencies = (
			);
			productName = VsionExample2UITests;
			productReference = 40CB3D982C9C6B1100505705 /* VsionExample2UITests.xctest */;
			productType = "com.apple.product-type.bundle.ui-testing";
		};
/* End PBXNativeTarget section */

/* Begin PBXProject section */
		40CB3D702C9C6B0C00505705 /* Project object */ = {
			isa = PBXProject;
			attributes = {
				BuildIndependentTargetsInParallel = 1;
				LastSwiftUpdateCheck = 1600;
				LastUpgradeCheck = 1600;
				TargetAttributes = {
					40CB3D772C9C6B0C00505705 = {
						CreatedOnToolsVersion = 16.0;
					};
					40CB3D8D2C9C6B1100505705 = {
						CreatedOnToolsVersion = 16.0;
						TestTargetID = 40CB3D772C9C6B0C00505705;
					};
					40CB3D972C9C6B1100505705 = {
						CreatedOnToolsVersion = 16.0;
						TestTargetID = 40CB3D772C9C6B0C00505705;
					};
				};
			};
			buildConfigurationList = 40CB3D732C9C6B0C00505705 /* Build configuration list for PBXProject "VsionExample2" */;
			developmentRegion = en;
			hasScannedForEncodings = 0;
			knownRegions = (
				en,
				Base,
			);
			mainGroup = 40CB3D6F2C9C6B0C00505705;
			minimizedProjectReferenceProxies = 1;
			preferredProjectObjectVersion = 77;
			productRefGroup = 40CB3D792C9C6B0C00505705 /* Products */;
			projectDirPath = "";
			projectRoot = "";
			targets = (
				40CB3D772C9C6B0C00505705 /* VsionExample2 */,
				40CB3D8D2C9C6B1100505705 /* VsionExample2Tests */,
				40CB3D972C9C6B1100505705 /* VsionExample2UITests */,
			);
		};
/* End PBXProject section */

/* Begin PBXResourcesBuildPhase section */
		40CB3D762C9C6B0C00505705 /* Resources */ = {
			isa = PBXResourcesBuildPhase;
			buildActionMask = 2147483647;
			files = (
			);
			runOnlyForDeploymentPostprocessing = 0;
		};
		40CB3D8C2C9C6B1100505705 /* Resources */ = {
			isa = PBXResourcesBuildPhase;
			buildActionMask = 2147483647;
			files = (
			);
			runOnlyForDeploymentPostprocessing = 0;
		};
		40CB3D962C9C6B1100505705 /* Resources */ = {
			isa = PBXResourcesBuildPhase;
			buildActionMask = 2147483647;
			files = (
			);
			runOnlyForDeploymentPostprocessing = 0;
		};
/* End PBXResourcesBuildPhase section */

/* Begin PBXSourcesBuildPhase section */
		40CB3D742C9C6B0C00505705 /* Sources */ = {
			isa = PBXSourcesBuildPhase;
			buildActionMask = 2147483647;
			files = (
			);
			runOnlyForDeploymentPostprocessing = 0;
		};
		40CB3D8A2C9C6B1100505705 /* Sources */ = {
			isa = PBXSourcesBuildPhase;
			buildActionMask = 2147483647;
			files = (
			);
			runOnlyForDeploymentPostprocessing = 0;
		};
		40CB3D942C9C6B1100505705 /* Sources */ = {
			isa = PBXSourcesBuildPhase;
			buildActionMask = 2147483647;
			files = (
			);
			runOnlyForDeploymentPostprocessing = 0;
		};
/* End PBXSourcesBuildPhase section */

/* Begin PBXTargetDependency section */
		40CB3D902C9C6B1100505705 /* PBXTargetDependency */ = {
			isa = PBXTargetDependency;
			target = 40CB3D772C9C6B0C00505705 /* VsionExample2 */;
			targetProxy = 40CB3D8F2C9C6B1100505705 /* PBXContainerItemProxy */;
		};
		40CB3D9A2C9C6B1100505705 /* PBXTargetDependency */ = {
			isa = PBXTargetDependency;
			target = 40CB3D772C9C6B0C00505705 /* VsionExample2 */;
			targetProxy = 40CB3D992C9C6B1100505705 /* PBXContainerItemProxy */;
		};
/* End PBXTargetDependency section */

/* Begin XCBuildConfiguration section */
		40CB3DA22C9C6B1100505705 /* Debug */ = {
			isa = XCBuildConfiguration;
			buildSettings = {
				ASSETCATALOG_COMPILER_APPICON_NAME = AppIcon;
				ASSETCATALOG_COMPILER_GLOBAL_ACCENT_COLOR_NAME = AccentColor;
				CODE_SIGN_STYLE = Automatic;
				CURRENT_PROJECT_VERSION = 1;
				DEVELOPMENT_TEAM = AM3NFXPYAW;
				GENERATE_INFOPLIST_FILE = YES;
				INFOPLIST_FILE = VsionExample2/Info.plist;
				INFOPLIST_KEY_UIApplicationSupportsIndirectInputEvents = YES;
				INFOPLIST_KEY_UILaunchStoryboardName = LaunchScreen;
				INFOPLIST_KEY_UIMainStoryboardFile = Main;
				INFOPLIST_KEY_UISupportedInterfaceOrientations_iPad = "UIInterfaceOrientationPortrait UIInterfaceOrientationPortraitUpsideDown UIInterfaceOrientationLandscapeLeft UIInterfaceOrientationLandscapeRight";
				INFOPLIST_KEY_UISupportedInterfaceOrientations_iPhone = "UIInterfaceOrientationPortrait UIInterfaceOrientationLandscapeLeft UIInterfaceOrientationLandscapeRight";
				LD_RUNPATH_SEARCH_PATHS = (
					"$(inherited)",
					"@executable_path/Frameworks",
				);
				MARKETING_VERSION = 1.0;
				PRODUCT_BUNDLE_IDENTIFIER = jp.keita.yamamoto.VsionExample2;
				PRODUCT_NAME = "$(TARGET_NAME)";
				SWIFT_EMIT_LOC_STRINGS = YES;
				SWIFT_VERSION = 5.0;
				TARGETED_DEVICE_FAMILY = "1,2";
			};
			name = Debug;
		};
		40CB3DA32C9C6B1100505705 /* Release */ = {
			isa = XCBuildConfiguration;
			buildSettings = {
				ASSETCATALOG_COMPILER_APPICON_NAME = AppIcon;
				ASSETCATALOG_COMPILER_GLOBAL_ACCENT_COLOR_NAME = AccentColor;
				CODE_SIGN_STYLE = Automatic;
				CURRENT_PROJECT_VERSION = 1;
				DEVELOPMENT_TEAM = AM3NFXPYAW;
				GENERATE_INFOPLIST_FILE = YES;
				INFOPLIST_FILE = VsionExample2/Info.plist;
				INFOPLIST_KEY_UIApplicationSupportsIndirectInputEvents = YES;
				INFOPLIST_KEY_UILaunchStoryboardName = LaunchScreen;
				INFOPLIST_KEY_UIMainStoryboardFile = Main;
				INFOPLIST_KEY_UISupportedInterfaceOrientations_iPad = "UIInterfaceOrientationPortrait UIInterfaceOrientationPortraitUpsideDown UIInterfaceOrientationLandscapeLeft UIInterfaceOrientationLandscapeRight";
				INFOPLIST_KEY_UISupportedInterfaceOrientations_iPhone = "UIInterfaceOrientationPortrait UIInterfaceOrientationLandscapeLeft UIInterfaceOrientationLandscapeRight";
				LD_RUNPATH_SEARCH_PATHS = (
					"$(inherited)",
					"@executable_path/Frameworks",
				);
				MARKETING_VERSION = 1.0;
				PRODUCT_BUNDLE_IDENTIFIER = jp.keita.yamamoto.VsionExample2;
				PRODUCT_NAME = "$(TARGET_NAME)";
				SWIFT_EMIT_LOC_STRINGS = YES;
				SWIFT_VERSION = 5.0;
				TARGETED_DEVICE_FAMILY = "1,2";
			};
			name = Release;
		};
		40CB3DA42C9C6B1100505705 /* Debug */ = {
			isa = XCBuildConfiguration;
			buildSettings = {
				ALWAYS_SEARCH_USER_PATHS = NO;
				ASSETCATALOG_COMPILER_GENERATE_SWIFT_ASSET_SYMBOL_EXTENSIONS = YES;
				CLANG_ANALYZER_NONNULL = YES;
				CLANG_ANALYZER_NUMBER_OBJECT_CONVERSION = YES_AGGRESSIVE;
				CLANG_CXX_LANGUAGE_STANDARD = "gnu++20";
				CLANG_ENABLE_MODULES = YES;
				CLANG_ENABLE_OBJC_ARC = YES;
				CLANG_ENABLE_OBJC_WEAK = YES;
				CLANG_WARN_BLOCK_CAPTURE_AUTORELEASING = YES;
				CLANG_WARN_BOOL_CONVERSION = YES;
				CLANG_WARN_COMMA = YES;
				CLANG_WARN_CONSTANT_CONVERSION = YES;
				CLANG_WARN_DEPRECATED_OBJC_IMPLEMENTATIONS = YES;
				CLANG_WARN_DIRECT_OBJC_ISA_USAGE = YES_ERROR;
				CLANG_WARN_DOCUMENTATION_COMMENTS = YES;
				CLANG_WARN_EMPTY_BODY = YES;
				CLANG_WARN_ENUM_CONVERSION = YES;
				CLANG_WARN_INFINITE_RECURSION = YES;
				CLANG_WARN_INT_CONVERSION = YES;
				CLANG_WARN_NON_LITERAL_NULL_CONVERSION = YES;
				CLANG_WARN_OBJC_IMPLICIT_RETAIN_SELF = YES;
				CLANG_WARN_OBJC_LITERAL_CONVERSION = YES;
				CLANG_WARN_OBJC_ROOT_CLASS = YES_ERROR;
				CLANG_WARN_QUOTED_INCLUDE_IN_FRAMEWORK_HEADER = YES;
				CLANG_WARN_RANGE_LOOP_ANALYSIS = YES;
				CLANG_WARN_STRICT_PROTOTYPES = YES;
				CLANG_WARN_SUSPICIOUS_MOVE = YES;
				CLANG_WARN_UNGUARDED_AVAILABILITY = YES_AGGRESSIVE;
				CLANG_WARN_UNREACHABLE_CODE = YES;
				CLANG_WARN__DUPLICATE_METHOD_MATCH = YES;
				COPY_PHASE_STRIP = NO;
				DEBUG_INFORMATION_FORMAT = dwarf;
				ENABLE_STRICT_OBJC_MSGSEND = YES;
				ENABLE_TESTABILITY = YES;
				ENABLE_USER_SCRIPT_SANDBOXING = YES;
				GCC_C_LANGUAGE_STANDARD = gnu17;
				GCC_DYNAMIC_NO_PIC = NO;
				GCC_NO_COMMON_BLOCKS = YES;
				GCC_OPTIMIZATION_LEVEL = 0;
				GCC_PREPROCESSOR_DEFINITIONS = (
					"DEBUG=1",
					"$(inherited)",
				);
				GCC_WARN_64_TO_32_BIT_CONVERSION = YES;
				GCC_WARN_ABOUT_RETURN_TYPE = YES_ERROR;
				GCC_WARN_UNDECLARED_SELECTOR = YES;
				GCC_WARN_UNINITIALIZED_AUTOS = YES_AGGRESSIVE;
				GCC_WARN_UNUSED_FUNCTION = YES;
				GCC_WARN_UNUSED_VARIABLE = YES;
				IPHONEOS_DEPLOYMENT_TARGET = 16.6;
				LOCALIZATION_PREFERS_STRING_CATALOGS = YES;
				MTL_ENABLE_DEBUG_INFO = INCLUDE_SOURCE;
				MTL_FAST_MATH = YES;
				ONLY_ACTIVE_ARCH = YES;
				SDKROOT = iphoneos;
				SWIFT_ACTIVE_COMPILATION_CONDITIONS = "DEBUG $(inherited)";
				SWIFT_OPTIMIZATION_LEVEL = "-Onone";
			};
			name = Debug;
		};
		40CB3DA52C9C6B1100505705 /* Release */ = {
			isa = XCBuildConfiguration;
			buildSettings = {
				ALWAYS_SEARCH_USER_PATHS = NO;
				ASSETCATALOG_COMPILER_GENERATE_SWIFT_ASSET_SYMBOL_EXTENSIONS = YES;
				CLANG_ANALYZER_NONNULL = YES;
				CLANG_ANALYZER_NUMBER_OBJECT_CONVERSION = YES_AGGRESSIVE;
				CLANG_CXX_LANGUAGE_STANDARD = "gnu++20";
				CLANG_ENABLE_MODULES = YES;
				CLANG_ENABLE_OBJC_ARC = YES;
				CLANG_ENABLE_OBJC_WEAK = YES;
				CLANG_WARN_BLOCK_CAPTURE_AUTORELEASING = YES;
				CLANG_WARN_BOOL_CONVERSION = YES;
				CLANG_WARN_COMMA = YES;
				CLANG_WARN_CONSTANT_CONVERSION = YES;
				CLANG_WARN_DEPRECATED_OBJC_IMPLEMENTATIONS = YES;
				CLANG_WARN_DIRECT_OBJC_ISA_USAGE = YES_ERROR;
				CLANG_WARN_DOCUMENTATION_COMMENTS = YES;
				CLANG_WARN_EMPTY_BODY = YES;
				CLANG_WARN_ENUM_CONVERSION = YES;
				CLANG_WARN_INFINITE_RECURSION = YES;
				CLANG_WARN_INT_CONVERSION = YES;
				CLANG_WARN_NON_LITERAL_NULL_CONVERSION = YES;
				CLANG_WARN_OBJC_IMPLICIT_RETAIN_SELF = YES;
				CLANG_WARN_OBJC_LITERAL_CONVERSION = YES;
				CLANG_WARN_OBJC_ROOT_CLASS = YES_ERROR;
				CLANG_WARN_QUOTED_INCLUDE_IN_FRAMEWORK_HEADER = YES;
				CLANG_WARN_RANGE_LOOP_ANALYSIS = YES;
				CLANG_WARN_STRICT_PROTOTYPES = YES;
				CLANG_WARN_SUSPICIOUS_MOVE = YES;
				CLANG_WARN_UNGUARDED_AVAILABILITY = YES_AGGRESSIVE;
				CLANG_WARN_UNREACHABLE_CODE = YES;
				CLANG_WARN__DUPLICATE_METHOD_MATCH = YES;
				COPY_PHASE_STRIP = NO;
				DEBUG_INFORMATION_FORMAT = "dwarf-with-dsym";
				ENABLE_NS_ASSERTIONS = NO;
				ENABLE_STRICT_OBJC_MSGSEND = YES;
				ENABLE_USER_SCRIPT_SANDBOXING = YES;
				GCC_C_LANGUAGE_STANDARD = gnu17;
				GCC_NO_COMMON_BLOCKS = YES;
				GCC_WARN_64_TO_32_BIT_CONVERSION = YES;
				GCC_WARN_ABOUT_RETURN_TYPE = YES_ERROR;
				GCC_WARN_UNDECLARED_SELECTOR = YES;
				GCC_WARN_UNINITIALIZED_AUTOS = YES_AGGRESSIVE;
				GCC_WARN_UNUSED_FUNCTION = YES;
				GCC_WARN_UNUSED_VARIABLE = YES;
				IPHONEOS_DEPLOYMENT_TARGET = 16.6;
				LOCALIZATION_PREFERS_STRING_CATALOGS = YES;
				MTL_ENABLE_DEBUG_INFO = NO;
				MTL_FAST_MATH = YES;
				SDKROOT = iphoneos;
				SWIFT_COMPILATION_MODE = wholemodule;
				VALIDATE_PRODUCT = YES;
			};
			name = Release;
		};
		40CB3DA72C9C6B1100505705 /* Debug */ = {
			isa = XCBuildConfiguration;
			buildSettings = {
				BUNDLE_LOADER = "$(TEST_HOST)";
				CODE_SIGN_STYLE = Automatic;
				CURRENT_PROJECT_VERSION = 1;
				DEVELOPMENT_TEAM = AM3NFXPYAW;
				GENERATE_INFOPLIST_FILE = YES;
				IPHONEOS_DEPLOYMENT_TARGET = 18.0;
				MARKETING_VERSION = 1.0;
				PRODUCT_BUNDLE_IDENTIFIER = jp.keita.yamamoto.VsionExample2Tests;
				PRODUCT_NAME = "$(TARGET_NAME)";
				SWIFT_EMIT_LOC_STRINGS = NO;
				SWIFT_VERSION = 5.0;
				TARGETED_DEVICE_FAMILY = "1,2";
				TEST_HOST = "$(BUILT_PRODUCTS_DIR)/VsionExample2.app/$(BUNDLE_EXECUTABLE_FOLDER_PATH)/VsionExample2";
			};
			name = Debug;
		};
		40CB3DA82C9C6B1100505705 /* Release */ = {
			isa = XCBuildConfiguration;
			buildSettings = {
				BUNDLE_LOADER = "$(TEST_HOST)";
				CODE_SIGN_STYLE = Automatic;
				CURRENT_PROJECT_VERSION = 1;
				DEVELOPMENT_TEAM = AM3NFXPYAW;
				GENERATE_INFOPLIST_FILE = YES;
				IPHONEOS_DEPLOYMENT_TARGET = 18.0;
				MARKETING_VERSION = 1.0;
				PRODUCT_BUNDLE_IDENTIFIER = jp.keita.yamamoto.VsionExample2Tests;
				PRODUCT_NAME = "$(TARGET_NAME)";
				SWIFT_EMIT_LOC_STRINGS = NO;
				SWIFT_VERSION = 5.0;
				TARGETED_DEVICE_FAMILY = "1,2";
				TEST_HOST = "$(BUILT_PRODUCTS_DIR)/VsionExample2.app/$(BUNDLE_EXECUTABLE_FOLDER_PATH)/VsionExample2";
			};
			name = Release;
		};
		40CB3DAA2C9C6B1100505705 /* Debug */ = {
			isa = XCBuildConfiguration;
			buildSettings = {
				CODE_SIGN_STYLE = Automatic;
				CURRENT_PROJECT_VERSION = 1;
				DEVELOPMENT_TEAM = AM3NFXPYAW;
				GENERATE_INFOPLIST_FILE = YES;
				MARKETING_VERSION = 1.0;
				PRODUCT_BUNDLE_IDENTIFIER = jp.keita.yamamoto.VsionExample2UITests;
				PRODUCT_NAME = "$(TARGET_NAME)";
				SWIFT_EMIT_LOC_STRINGS = NO;
				SWIFT_VERSION = 5.0;
				TARGETED_DEVICE_FAMILY = "1,2";
				TEST_TARGET_NAME = VsionExample2;
			};
			name = Debug;
		};
		40CB3DAB2C9C6B1100505705 /* Release */ = {
			isa = XCBuildConfiguration;
			buildSettings = {
				CODE_SIGN_STYLE = Automatic;
				CURRENT_PROJECT_VERSION = 1;
				DEVELOPMENT_TEAM = AM3NFXPYAW;
				GENERATE_INFOPLIST_FILE = YES;
				MARKETING_VERSION = 1.0;
				PRODUCT_BUNDLE_IDENTIFIER = jp.keita.yamamoto.VsionExample2UITests;
				PRODUCT_NAME = "$(TARGET_NAME)";
				SWIFT_EMIT_LOC_STRINGS = NO;
				SWIFT_VERSION = 5.0;
				TARGETED_DEVICE_FAMILY = "1,2";
				TEST_TARGET_NAME = VsionExample2;
			};
			name = Release;
		};
/* End XCBuildConfiguration section */

/* Begin XCConfigurationList section */
		40CB3D732C9C6B0C00505705 /* Build configuration list for PBXProject "VsionExample2" */ = {
			isa = XCConfigurationList;
			buildConfigurations = (
				40CB3DA42C9C6B1100505705 /* Debug */,
				40CB3DA52C9C6B1100505705 /* Release */,
			);
			defaultConfigurationIsVisible = 0;
			defaultConfigurationName = Release;
		};
		40CB3DA12C9C6B1100505705 /* Build configuration list for PBXNativeTarget "VsionExample2" */ = {
			isa = XCConfigurationList;
			buildConfigurations = (
				40CB3DA22C9C6B1100505705 /* Debug */,
				40CB3DA32C9C6B1100505705 /* Release */,
			);
			defaultConfigurationIsVisible = 0;
			defaultConfigurationName = Release;
		};
		40CB3DA62C9C6B1100505705 /* Build configuration list for PBXNativeTarget "VsionExample2Tests" */ = {
			isa = XCConfigurationList;
			buildConfigurations = (
				40CB3DA72C9C6B1100505705 /* Debug */,
				40CB3DA82C9C6B1100505705 /* Release */,
			);
			defaultConfigurationIsVisible = 0;
			defaultConfigurationName = Release;
		};
		40CB3DA92C9C6B1100505705 /* Build configuration list for PBXNativeTarget "VsionExample2UITests" */ = {
			isa = XCConfigurationList;
			buildConfigurations = (
				40CB3DAA2C9C6B1100505705 /* Debug */,
				40CB3DAB2C9C6B1100505705 /* Release */,
			);
			defaultConfigurationIsVisible = 0;
			defaultConfigurationName = Release;
		};
/* End XCConfigurationList section */
	};
	rootObject = 40CB3D702C9C6B0C00505705 /* Project object */;
}
